lockfileVersion: 5.4

specifiers:
  '@rsbuild/core': ^0.7.0-beta.8
  '@rsbuild/plugin-sass': ^0.7.0-beta.8
  bootstrap: ^5.3.3

dependencies:
  bootstrap: 5.3.3

devDependencies:
  '@rsbuild/core': 0.7.0-beta.8
  '@rsbuild/plugin-sass': 0.7.0-beta.8_@rsbuild+core@0.7.0-beta.8

packages:

  /@bufbuild/protobuf/1.9.0:
    resolution: {integrity: sha512-W7gp8Q/v1NlCZLsv8pQ3Y0uCu/SHgXOVFK+eUluUKWXmsb6VHkpNx0apdOWWcDbB9sJoKeP8uPrjmehJz6xETQ==}
    dev: true

  /@module-federation/runtime-tools/0.1.6:
    resolution: {integrity: sha512-7ILVnzMIa0Dlc0Blck5tVZG1tnk1MmLnuZpLOMpbdW+zl+N6wdMjjHMjEZFCUAJh2E5XJ3BREwfX8Ets0nIkLg==}
    dependencies:
      '@module-federation/runtime': 0.1.6
      '@module-federation/webpack-bundler-runtime': 0.1.6
    dev: true

  /@module-federation/runtime/0.1.6:
    resolution: {integrity: sha512-nj6a+yJ+QxmcE89qmrTl4lphBIoAds0PFPVGnqLRWflwAP88jrCcrrTqRhARegkFDL+wE9AE04+h6jzlbIfMKg==}
    dependencies:
      '@module-federation/sdk': 0.1.6
    dev: true

  /@module-federation/sdk/0.1.6:
    resolution: {integrity: sha512-qifXpyYLM7abUeEOIfv0oTkguZgRZuwh89YOAYIZJlkP6QbRG7DJMQvtM8X2yHXm9PTk0IYNnOJH0vNQCo6auQ==}
    dev: true

  /@module-federation/webpack-bundler-runtime/0.1.6:
    resolution: {integrity: sha512-K5WhKZ4RVNaMEtfHsd/9CNCgGKB0ipbm/tgweNNeC11mEuBTNxJ09Y630vg3WPkKv9vfMCuXg2p2Dk+Q/KWTSA==}
    dependencies:
      '@module-federation/runtime': 0.1.6
      '@module-federation/sdk': 0.1.6
    dev: true

  /@rsbuild/core/0.7.0-beta.8:
    resolution: {integrity: sha512-OqAD7+o90f8UK+rHRyaqjpsW0DEjXWodsWIyxwZk2YRtFQ+ztS4kxBJRM5e8aYy7ILQ1xgTfwzZ/V1byOYKc8A==}
    engines: {node: '>=16.0.0'}
    hasBin: true
    dependencies:
      '@rsbuild/shared': 0.7.0-beta.8_@swc+helpers@0.5.3
      '@rspack/core': 0.7.0-beta.1_@swc+helpers@0.5.3
      '@swc/helpers': 0.5.3
      core-js: 3.36.1
      html-webpack-plugin: /html-rspack-plugin/5.7.2_@rspack+core@0.7.0-beta.1
      postcss: 8.4.38
    dev: true

  /@rsbuild/plugin-sass/0.7.0-beta.8_@rsbuild+core@0.7.0-beta.8:
    resolution: {integrity: sha512-nKjJiFx/z/JYGmt1m/7aRDtufmxKbB6uhoIgtmOqp1dnD61lNVLTYgaff3qfAIjashFKe+4TmuJPA/sHBVIevA==}
    peerDependencies:
      '@rsbuild/core': ^0.7.0-beta.8
    dependencies:
      '@rsbuild/core': 0.7.0-beta.8
      '@rsbuild/shared': 0.7.0-beta.8
      postcss: 8.4.38
      sass-embedded: 1.77.2
    transitivePeerDependencies:
      - '@swc/helpers'
    dev: true

  /@rsbuild/shared/0.7.0-beta.8:
    resolution: {integrity: sha512-EwTTrnKzevbJCahlCds552+RHWhCxt5+2YhCRAo8RkyQ8Odqo96WVPX62+tiBGRNIIGDK9nU5lfJ0fXiKxOxgg==}
    dependencies:
      '@rspack/core': 0.7.0-beta.1
      caniuse-lite: 1.0.30001621
      html-webpack-plugin: /html-rspack-plugin/5.7.2_@rspack+core@0.7.0-beta.1
      postcss: 8.4.38
    optionalDependencies:
      fsevents: 2.3.3
    transitivePeerDependencies:
      - '@swc/helpers'
    dev: true

  /@rsbuild/shared/0.7.0-beta.8_@swc+helpers@0.5.3:
    resolution: {integrity: sha512-EwTTrnKzevbJCahlCds552+RHWhCxt5+2YhCRAo8RkyQ8Odqo96WVPX62+tiBGRNIIGDK9nU5lfJ0fXiKxOxgg==}
    dependencies:
      '@rspack/core': 0.7.0-beta.1_@swc+helpers@0.5.3
      caniuse-lite: 1.0.30001621
      html-webpack-plugin: /html-rspack-plugin/5.7.2_@rspack+core@0.7.0-beta.1
      postcss: 8.4.38
    optionalDependencies:
      fsevents: 2.3.3
    transitivePeerDependencies:
      - '@swc/helpers'
    dev: true

  /@rspack/binding-darwin-arm64/0.7.0-beta.1:
    resolution: {integrity: sha512-3lAatFbgPyiAzri1owo6QUAGKXp7YeBpuBh+vyYi2kSemZq2/wpchjN8eUAZRRU8aXC3U1skPu8RSfbewUoiSw==}
    cpu: [arm64]
    os: [darwin]
    requiresBuild: true
    dev: true
    optional: true

  /@rspack/binding-darwin-x64/0.7.0-beta.1:
    resolution: {integrity: sha512-gdpUI7h6CyYpTxlVwYsYQlZLM8Dvjj4VgMuLiSI13A5SfQVBlwIMSktHRCo7aNNTYIAR4+C37RwDQAeRfJg3Bw==}
    cpu: [x64]
    os: [darwin]
    requiresBuild: true
    dev: true
    optional: true

  /@rspack/binding-linux-arm64-gnu/0.7.0-beta.1:
    resolution: {integrity: sha512-gkapNI/h4orb1d+ONael8ct2V7GQjVM4IYs7u3XSvSp9Kw7/m5GuT2IfMVyGwIxSIzMyMfiN8iVTF3wawWGwJA==}
    cpu: [arm64]
    os: [linux]
    requiresBuild: true
    dev: true
    optional: true

  /@rspack/binding-linux-arm64-musl/0.7.0-beta.1:
    resolution: {integrity: sha512-0KgNBmCpltBp79EWU146f00tBpJpLdQ7+oOCXVcmnyFvvXLQRZJ72PTLy0zH+Pu8cNQDWaWDWx4vwUHVAkaTfA==}
    cpu: [arm64]
    os: [linux]
    requiresBuild: true
    dev: true
    optional: true

  /@rspack/binding-linux-x64-gnu/0.7.0-beta.1:
    resolution: {integrity: sha512-JSr1rPrOi5vWJKoP80OMBO0kYPATL+wh9DAwtz4VE7D7bOnijbzBHvCWi8iPDEuZDQ9XEVvkB3rQhFomoE0BcA==}
    cpu: [x64]
    os: [linux]
    requiresBuild: true
    dev: true
    optional: true

  /@rspack/binding-linux-x64-musl/0.7.0-beta.1:
    resolution: {integrity: sha512-2/vPaYE/CnjC2Fahr6wiPo7AI02KcMqBTlNxZaBLRnRulVLzmEGGRs8CM3bElSczPejLdHHm4Aw0WA61t2nlMw==}
    cpu: [x64]
    os: [linux]
    requiresBuild: true
    dev: true
    optional: true

  /@rspack/binding-win32-arm64-msvc/0.7.0-beta.1:
    resolution: {integrity: sha512-kh7G+vxBubqyj0bpScBatNv+HOgDPSAOeZZYjmf7HDoRR3AEyDFdgWTMPExE/XWd/FZbMkl5zwLjYjpqe9RDCQ==}
    cpu: [arm64]
    os: [win32]
    requiresBuild: true
    dev: true
    optional: true

  /@rspack/binding-win32-ia32-msvc/0.7.0-beta.1:
    resolution: {integrity: sha512-ha3o1DZR/B5ct8Fd8pDNUqK33Q00zQ86jN4Dah+CbjqAve6hMUDY8j659nnDVQmDqk+/e8bx8YV5De51VPomzw==}
    cpu: [ia32]
    os: [win32]
    requiresBuild: true
    dev: true
    optional: true

  /@rspack/binding-win32-x64-msvc/0.7.0-beta.1:
    resolution: {integrity: sha512-uRhcN16wFYphM/+w/28kLQsnnjij4t6jDWiWsOW2X0b3gG6qGMcTbfrdNxtdFim+iyJPwVsoQW+1v4KPcEeUqw==}
    cpu: [x64]
    os: [win32]
    requiresBuild: true
    dev: true
    optional: true

  /@rspack/binding/0.7.0-beta.1:
    resolution: {integrity: sha512-gWoyGgs0Lgd5VoJasKDrc3WgQY4xHtzhqIzxf6iBOuyaWsgUCROsbDh6oXzLnscb+tWZl1ZepPeS0/QzwcWesw==}
    optionalDependencies:
      '@rspack/binding-darwin-arm64': 0.7.0-beta.1
      '@rspack/binding-darwin-x64': 0.7.0-beta.1
      '@rspack/binding-linux-arm64-gnu': 0.7.0-beta.1
      '@rspack/binding-linux-arm64-musl': 0.7.0-beta.1
      '@rspack/binding-linux-x64-gnu': 0.7.0-beta.1
      '@rspack/binding-linux-x64-musl': 0.7.0-beta.1
      '@rspack/binding-win32-arm64-msvc': 0.7.0-beta.1
      '@rspack/binding-win32-ia32-msvc': 0.7.0-beta.1
      '@rspack/binding-win32-x64-msvc': 0.7.0-beta.1
    dev: true

  /@rspack/core/0.7.0-beta.1:
    resolution: {integrity: sha512-pOS9nZMGh0zN2AZvgxD76wYuuNRCm/+BMt26bIYpOQHjDzSs0Yh9q88xK4OdgyhELHDbcBVGwqkD8lTgwBNBiw==}
    engines: {node: '>=16.0.0'}
    peerDependencies:
      '@swc/helpers': '>=0.5.1'
    peerDependenciesMeta:
      '@swc/helpers':
        optional: true
    dependencies:
      '@module-federation/runtime-tools': 0.1.6
      '@rspack/binding': 0.7.0-beta.1
      caniuse-lite: 1.0.30001621
      enhanced-resolve: 5.12.0
      tapable: 2.2.1
      webpack-sources: 3.2.3
    dev: true

  /@rspack/core/0.7.0-beta.1_@swc+helpers@0.5.3:
    resolution: {integrity: sha512-pOS9nZMGh0zN2AZvgxD76wYuuNRCm/+BMt26bIYpOQHjDzSs0Yh9q88xK4OdgyhELHDbcBVGwqkD8lTgwBNBiw==}
    engines: {node: '>=16.0.0'}
    peerDependencies:
      '@swc/helpers': '>=0.5.1'
    peerDependenciesMeta:
      '@swc/helpers':
        optional: true
    dependencies:
      '@module-federation/runtime-tools': 0.1.6
      '@rspack/binding': 0.7.0-beta.1
      '@swc/helpers': 0.5.3
      caniuse-lite: 1.0.30001621
      enhanced-resolve: 5.12.0
      tapable: 2.2.1
      webpack-sources: 3.2.3
    dev: true

  /@swc/helpers/0.5.3:
    resolution: {integrity: sha512-FaruWX6KdudYloq1AHD/4nU+UsMTdNE8CKyrseXWEcgjDAbvkwJg2QGPAnfIJLIWsjZOSPLOAykK6fuYp4vp4A==}
    dependencies:
      tslib: 2.6.2
    dev: true

  /bootstrap/5.3.3:
    resolution: {integrity: sha512-8HLCdWgyoMguSO9o+aH+iuZ+aht+mzW0u3HIMzVu7Srrpv7EBBxTnrFlSCskwdY1+EOFQSm7uMJhNQHkdPcmjg==}
    peerDependencies:
      '@popperjs/core': ^2.11.8
    dev: false

  /buffer-builder/0.2.0:
    resolution: {integrity: sha512-7VPMEPuYznPSoR21NE1zvd2Xna6c/CloiZCfcMXR1Jny6PjX0N4Nsa38zcBFo/FMK+BlA+FLKbJCQ0i2yxp+Xg==}
    dev: true

  /caniuse-lite/1.0.30001621:
    resolution: {integrity: sha512-+NLXZiviFFKX0fk8Piwv3PfLPGtRqJeq2TiNoUff/qB5KJgwecJTvCXDpmlyP/eCI/GUEmp/h/y5j0yckiiZrA==}
    dev: true

  /core-js/3.36.1:
    resolution: {integrity: sha512-BTvUrwxVBezj5SZ3f10ImnX2oRByMxql3EimVqMysepbC9EeMUOpLwdy6Eoili2x6E4kf+ZUB5k/+Jv55alPfA==}
    requiresBuild: true
    dev: true

  /enhanced-resolve/5.12.0:
    resolution: {integrity: sha512-QHTXI/sZQmko1cbDoNAa3mJ5qhWUUNAq3vR0/YiD379fWQrcfuoX1+HW2S0MTt7XmoPLapdaDKUtelUSPic7hQ==}
    engines: {node: '>=10.13.0'}
    dependencies:
      graceful-fs: 4.2.11
      tapable: 2.2.1
    dev: true

  /fsevents/2.3.3:
    resolution: {integrity: sha512-5xoDfX+fL7faATnagmWPpbFtwh/R77WmMMqqHGS65C3vvB0YHrgF+B1YmZ3441tMj5n63k0212XNoJwzlhffQw==}
    engines: {node: ^8.16.0 || ^10.6.0 || >=11.0.0}
    os: [darwin]
    requiresBuild: true
    dev: true
    optional: true

  /graceful-fs/4.2.11:
    resolution: {integrity: sha512-RbJ5/jmFcNNCcDV5o9eTnBLJ/HszWV0P73bc+Ff4nS/rJj+YaS6IGyiOL0VoBYX+l1Wrl3k63h/KrH+nhJ0XvQ==}
    dev: true

  /has-flag/4.0.0:
    resolution: {integrity: sha512-EykJT/Q1KjTWctppgIAgfSO0tKVuZUjhgMr17kqTumMl6Afv3EISleU7qZUzoXDFTAHTDC4NOoG/ZxU3EvlMPQ==}
    engines: {node: '>=8'}
    dev: true

  /html-rspack-plugin/5.7.2_@rspack+core@0.7.0-beta.1:
    resolution: {integrity: sha512-uVXGYq19bcsX7Q/53VqXQjCKXw0eUMHlFGDLTaqzgj/ckverfhZQvXyA6ecFBaF9XUH16jfCTCyALYi0lJcagg==}
    engines: {node: '>=10.13.0'}
    peerDependencies:
      '@rspack/core': 0.x || 1.x
    peerDependenciesMeta:
      '@rspack/core':
        optional: true
    dependencies:
      '@rspack/core': 0.7.0-beta.1_@swc+helpers@0.5.3
    dev: true

  /immutable/4.3.6:
    resolution: {integrity: sha512-Ju0+lEMyzMVZarkTn/gqRpdqd5dOPaz1mCZ0SH3JV6iFw81PldE/PEB1hWVEA288HPt4WXW8O7AWxB10M+03QQ==}
    dev: true

  /nanoid/3.3.7:
    resolution: {integrity: sha512-eSRppjcPIatRIMC1U6UngP8XFcz8MQWGQdt1MTBQ7NaAmvXDfvNxbvWV3x2y6CdEUciCSsDHDQZbhYaB8QEo2g==}
    engines: {node: ^10 || ^12 || ^13.7 || ^14 || >=15.0.1}
    hasBin: true
    dev: true

  /picocolors/1.0.1:
    resolution: {integrity: sha512-anP1Z8qwhkbmu7MFP5iTt+wQKXgwzf7zTyGlcdzabySa9vd0Xt392U0rVmz9poOaBj0uHJKyyo9/upk0HrEQew==}
    dev: true

  /postcss/8.4.38:
    resolution: {integrity: sha512-Wglpdk03BSfXkHoQa3b/oulrotAkwrlLDRSOb9D0bN86FdRyE9lppSp33aHNPgBa0JKCoB+drFLZkQoRRYae5A==}
    engines: {node: ^10 || ^12 || >=14}
    dependencies:
      nanoid: 3.3.7
      picocolors: 1.0.1
      source-map-js: 1.2.0
    dev: true

  /rxjs/7.8.1:
    resolution: {integrity: sha512-AA3TVj+0A2iuIoQkWEK/tqFjBq2j+6PO6Y0zJcvzLAFhEFIO3HL0vls9hWLncZbAAbK0mar7oZ4V079I/qPMxg==}
    dependencies:
      tslib: 2.6.2
    dev: true

  /sass-embedded-android-arm/1.77.2:
    resolution: {integrity: sha512-rMuIMZ/FstMrT9Y23LDgQGpCyfe3i10dJnmW+DVJ9Gqz4dR7qpysEBIQXU35mHVq8ppNZ0yGiFlFZTSiiVMdzQ==}
    engines: {node: '>=14.0.0'}
    cpu: [arm]
    os: [android]
    hasBin: true
    requiresBuild: true
    dev: true
    optional: true

  /sass-embedded-android-arm64/1.77.2:
    resolution: {integrity: sha512-7DiFMros5iRYrkPlNqUBfzZ/DCgsI199pRF8xuBsPf9yuB8SLDOqvNk3QOnUCMAbpjW5VW1JgdfGFFlHTCnJQA==}
    engines: {node: '>=14.0.0'}
    cpu: [arm64]
    os: [android]
    hasBin: true
    requiresBuild: true
    dev: true
    optional: true

  /sass-embedded-android-ia32/1.77.2:
    resolution: {integrity: sha512-qN0laKrAjuvBLFdUogGz8jQlbHs6tgH91tKQeE7ZE4AO9zzDRlXtaEJP1x6B6AGVc8UOEkvQyR3Nej4qwWprhA==}
    engines: {node: '>=14.0.0'}
    cpu: [ia32]
    os: [android]
    hasBin: true
    requiresBuild: true
    dev: true
    optional: true

  /sass-embedded-android-x64/1.77.2:
    resolution: {integrity: sha512-HByqtC5g5hOaJenWs4Klx6gFEIZYx+IEFh5K56U+wB+jd6EU32Lrnbdxy1+i/p/kZrd+23HrVHQPv8zpmxucaw==}
    engines: {node: '>=14.0.0'}
    cpu: [x64]
    os: [android]
    hasBin: true
    requiresBuild: true
    dev: true
    optional: true

  /sass-embedded-darwin-arm64/1.77.2:
    resolution: {integrity: sha512-0jkL/FwbAStqqxFSjHfhElEAWrKRRvFz2JeXOxskUdzMehDMv5LaewqSRCijyeKBO3KgurvndmSfrOizdU6WAw==}
    engines: {node: '>=14.0.0'}
    cpu: [arm64]
    os: [darwin]
    hasBin: true
    requiresBuild: true
    dev: true
    optional: true

  /sass-embedded-darwin-x64/1.77.2:
    resolution: {integrity: sha512-8Sy36IxOOFPWA5TdhC87SvOkrXUSis51CGKlIsM8yZISQiY9y8b+wrNJM1f3oHvs641xZBaeIuwibJXaY6hNBg==}
    engines: {node: '>=14.0.0'}
    cpu: [x64]
    os: [darwin]
    hasBin: true
    requiresBuild: true
    dev: true
    optional: true

  /sass-embedded-linux-arm/1.77.2:
    resolution: {integrity: sha512-/gtCseBkGCBw61p6MG2BqeYy8rblffw2KXUzMKjo9Hlqj/KajWDk7j1B+mVnqrHOPB/KBbm8Ym/2ooCYpnMIkQ==}
    engines: {node: '>=14.0.0'}
    cpu: [arm]
    os: [linux]
    hasBin: true
    requiresBuild: true
    dev: true
    optional: true

  /sass-embedded-linux-arm64/1.77.2:
    resolution: {integrity: sha512-hlfNFu1IWHI0cOsbpFWPrJlx7IFZfXuI3iEhwa4oljM21y72E6tETUFmTr4f9Ka9qDLXkUxUoYaTH2SqGU9dDA==}
    engines: {node: '>=14.0.0'}
    cpu: [arm64]
    os: [linux]
    hasBin: true
    requiresBuild: true
    dev: true
    optional: true

  /sass-embedded-linux-ia32/1.77.2:
    resolution: {integrity: sha512-JSIqGIeAKlrMw/oMFFFxZ10F3QUJVdjeGVI83h6mwNHTYgrX6PuOngcAYleIpYR5XicQgfueC5pPVPbP5CArBQ==}
    engines: {node: '>=14.0.0'}
    cpu: [ia32]
    os: [linux]
    hasBin: true
    requiresBuild: true
    dev: true
    optional: true

  /sass-embedded-linux-musl-arm/1.77.2:
    resolution: {integrity: sha512-LZTSnfHPlfvkdQ8orpnEUCEx40qhKpMjxN3Ggi8kgQqv5jvtqn0ECdWl0n4WI5CrlkmtdS3VeFcsf078bt/f8Q==}
    engines: {node: '>=14.0.0'}
    cpu: [arm]
    os: [linux]
    requiresBuild: true
    dev: true
    optional: true

  /sass-embedded-linux-musl-arm64/1.77.2:
    resolution: {integrity: sha512-JQZuONuhIurKjc/qE9cTiJXSLixL8hGkalWN3LJHasYHVAU92QA/t8rv0T51vIzf/I2F59He3bapkPme60dwSw==}
    engines: {node: '>=14.0.0'}
    cpu: [arm64]
    os: [linux]
    requiresBuild: true
    dev: true
    optional: true

  /sass-embedded-linux-musl-ia32/1.77.2:
    resolution: {integrity: sha512-6F1GHBgPkcTXtfM0MK3PofozagNF8IawdfIG4RNzGeSZRhGBRgZLOS+vdre4xubTLSaa6xjbI47YfaD43z8URQ==}
    engines: {node: '>=14.0.0'}
    cpu: [ia32]
    os: [linux]
    requiresBuild: true
    dev: true
    optional: true

  /sass-embedded-linux-musl-x64/1.77.2:
    resolution: {integrity: sha512-8BiqLA1NJeN3rCaX6t747GWMMdH5YUFYuytXU8waDC/u+FSGoOHRxfrsB8BEWHVgSPDxhwZklanPCXXzbzB2lw==}
    engines: {node: '>=14.0.0'}
    cpu: [x64]
    os: [linux]
    requiresBuild: true
    dev: true
    optional: true

  /sass-embedded-linux-x64/1.77.2:
    resolution: {integrity: sha512-czQOxGOX4U47jW9k+cbFBgSt/6FVx2WGLPqPvrgDiEToLJdZyvzUqrkpqQYfJ6hN1koqatCPEpDrUZBcTPGUGg==}
    engines: {node: '>=14.0.0'}
    cpu: [x64]
    os: [linux]
    hasBin: true
    requiresBuild: true
    dev: true
    optional: true

  /sass-embedded-win32-arm64/1.77.2:
    resolution: {integrity: sha512-NA+4Y5PO04YQGtKNCyLrUjQU2nijskVA3Er/UYGtx66BBlWZ/ttbnlk+dU05SF5Jhjb3HtThGGH1meb7pKA+OQ==}
    engines: {node: '>=14.0.0'}
    cpu: [arm64]
    os: [win32]
    hasBin: true
    requiresBuild: true
    dev: true
    optional: true

  /sass-embedded-win32-ia32/1.77.2:
    resolution: {integrity: sha512-/3hGz4GefhVuuUu2gSOdsxBYym5Di0co0tZbtiokCU/8VhYhcAQ3v2Lni49VV6OnsyJLb1nUx+rbpd8cKO1U4w==}
    engines: {node: '>=14.0.0'}
    cpu: [ia32]
    os: [win32]
    hasBin: true
    requiresBuild: true
    dev: true
    optional: true

  /sass-embedded-win32-x64/1.77.2:
    resolution: {integrity: sha512-joHLDICWmnR9Ca+LT9B+Fp85sCvV9F3gdtHtXLSuQAEulG5Ip1Z9euB3FUw+Z0s0Vz4MjNea+JD+TwO9eMrpyw==}
    engines: {node: '>=14.0.0'}
    cpu: [x64]
    os: [win32]
    hasBin: true
    requiresBuild: true
    dev: true
    optional: true

  /sass-embedded/1.77.2:
    resolution: {integrity: sha512-luiDeWNZ0tKs1jCiSFbuz8wFVQxYqN+vh+yfm9v7kW42yPtwEF8+z2ROaDJluSUZ7vhFmsXuqoKg9qBxc7SCnw==}
    engines: {node: '>=16.0.0'}
    dependencies:
      '@bufbuild/protobuf': 1.9.0
      buffer-builder: 0.2.0
      immutable: 4.3.6
      rxjs: 7.8.1
      supports-color: 8.1.1
      varint: 6.0.0
    optionalDependencies:
      sass-embedded-android-arm: 1.77.2
      sass-embedded-android-arm64: 1.77.2
      sass-embedded-android-ia32: 1.77.2
      sass-embedded-android-x64: 1.77.2
      sass-embedded-darwin-arm64: 1.77.2
      sass-embedded-darwin-x64: 1.77.2
      sass-embedded-linux-arm: 1.77.2
      sass-embedded-linux-arm64: 1.77.2
      sass-embedded-linux-ia32: 1.77.2
      sass-embedded-linux-musl-arm: 1.77.2
      sass-embedded-linux-musl-arm64: 1.77.2
      sass-embedded-linux-musl-ia32: 1.77.2
      sass-embedded-linux-musl-x64: 1.77.2
      sass-embedded-linux-x64: 1.77.2
      sass-embedded-win32-arm64: 1.77.2
      sass-embedded-win32-ia32: 1.77.2
      sass-embedded-win32-x64: 1.77.2
    dev: true

  /source-map-js/1.2.0:
    resolution: {integrity: sha512-itJW8lvSA0TXEphiRoawsCksnlf8SyvmFzIhltqAHluXd88pkCd+cXJVHTDwdCr0IzwptSm035IHQktUu1QUMg==}
    engines: {node: '>=0.10.0'}
    dev: true

  /supports-color/8.1.1:
    resolution: {integrity: sha512-MpUEN2OodtUzxvKQl72cUF7RQ5EiHsGvSsVG0ia9c5RbWGL2CI4C7EpPS8UTBIplnlzZiNuV56w+FuNxy3ty2Q==}
    engines: {node: '>=10'}
    dependencies:
      has-flag: 4.0.0
    dev: true

  /tapable/2.2.1:
    resolution: {integrity: sha512-GNzQvQTOIP6RyTfE2Qxb8ZVlNmw0n88vp1szwWRimP02mnTsx3Wtn5qRdqY9w2XduFNUgvOwhNnQsjwCp+kqaQ==}
    engines: {node: '>=6'}
    dev: true

  /tslib/2.6.2:
    resolution: {integrity: sha512-AEYxH93jGFPn/a2iVAwW87VuUIkR1FVUKB77NwMF7nBTDkDrrT/Hpt/IrCJ0QXhW27jTBDcf5ZY7w6RiqTMw2Q==}
    dev: true

  /varint/6.0.0:
    resolution: {integrity: sha512-cXEIW6cfr15lFv563k4GuVuW/fiwjknytD37jIOLSdSWuOI6WnO/oKwmP2FQTU2l01LP8/M5TSAJpzUaGe3uWg==}
    dev: true

  /webpack-sources/3.2.3:
    resolution: {integrity: sha512-/DyMEOrDgLKKIG0fmvtz+4dUX/3Ghozwgm6iPp8KRhvn+eQf9+Q7GWxVNMk3+uCPWfdXYC4ExGBckIXdFEfH1w==}
    engines: {node: '>=10.13.0'}
    dev: true
